{
  "version": 4,
  "terraform_version": "1.13.4",
  "serial": 6,
  "lineage": "9a4678f2-4617-5c6a-1889-b5904f894a84",
  "outputs": {},
  "resources": [
    {
      "mode": "managed",
      "type": "docker_network",
      "name": "testbed_network",
      "provider": "provider[\"registry.terraform.io/kreuzwerker/docker\"]",
      "instances": [
        {
          "schema_version": 1,
          "attributes": {
            "attachable": false,
            "check_duplicate": null,
            "driver": "bridge",
            "id": "b4e82b491ec6c546e179cf17ffab621d3f487fa2765e88fe7bf1003217dac303",
            "ingress": false,
            "internal": false,
            "ipam_config": [
              {
                "aux_address": {},
                "gateway": "172.20.0.1",
                "ip_range": "",
                "subnet": "172.20.0.0/16"
              }
            ],
            "ipam_driver": "default",
            "ipam_options": {},
            "ipv6": false,
            "labels": [],
            "name": "testbed-net",
            "options": {
              "com.docker.network.enable_ipv4": "true"
            },
            "scope": "local"
          },
          "sensitive_attributes": [],
          "identity_schema_version": 0,
          "private": "eyJzY2hlbWFfdmVyc2lvbiI6IjEifQ=="
        }
      ]
    }
  ],
  "check_results": null
}
